<?xml version="1.0" encoding="utf-8"?>
<Project ToolsVersion="4.0" xmlns="http://schemas.microsoft.com/developer/msbuild/2003">
  <ItemGroup>
    <Filter Include="Source Files">
      <UniqueIdentifier>{4FC737F1-C7A5-4376-A066-2A32D752A2FF}</UniqueIdentifier>
      <Extensions>cpp;c;cc;cxx;c++;cppm;ixx;def;odl;idl;hpj;bat;asm;asmx</Extensions>
    </Filter>
    <Filter Include="Header Files">
      <UniqueIdentifier>{93995380-89BD-4b04-88EB-625FBE52EBFB}</UniqueIdentifier>
      <Extensions>h;hh;hpp;hxx;h++;hm;inl;inc;ipp;xsd</Extensions>
    </Filter>
    <Filter Include="Resource Files">
      <UniqueIdentifier>{67DA6AB6-F800-4c08-8B7A-83BB121AAD01}</UniqueIdentifier>
      <Extensions>rc;ico;cur;bmp;dlg;rc2;rct;bin;rgs;gif;jpg;jpeg;jpe;resx;tiff;tif;png;wav;mfcribbon-ms</Extensions>
    </Filter>
    <Filter Include="Source Files\Additional">
      <UniqueIdentifier>{e4e823f2-1c9f-4a36-85ce-10ed4fd5c964}</UniqueIdentifier>
    </Filter>
    <Filter Include="Source Files\Example Day">
      <UniqueIdentifier>{d0a96964-e964-482c-a2ca-698df39a12cf}</UniqueIdentifier>
    </Filter>
    <Filter Include="Source Files\Days">
      <UniqueIdentifier>{ba8901e9-a6c0-4c41-b2e1-961790ccef02}</UniqueIdentifier>
    </Filter>
    <Filter Include="Source Files\Days\Day 1-5">
      <UniqueIdentifier>{7295d894-32c9-485b-b926-400831442d0f}</UniqueIdentifier>
    </Filter>
    <Filter Include="Source Files\Days\Day 6- 10">
      <UniqueIdentifier>{100a6df6-af2d-49e5-bcd9-d57bb6c2e73c}</UniqueIdentifier>
    </Filter>
  </ItemGroup>
  <ItemGroup>
    <ClCompile Include="AdventOfCode2024.cpp">
      <Filter>Source Files</Filter>
    </ClCompile>
    <ClCompile Include="Day1.cpp">
      <Filter>Source Files\Days\Day 1-5</Filter>
    </ClCompile>
    <ClCompile Include="Util.cpp">
      <Filter>Source Files\Additional</Filter>
    </ClCompile>
    <ClCompile Include="Day2.cpp">
      <Filter>Source Files\Days\Day 1-5</Filter>
    </ClCompile>
    <ClCompile Include="ExampleDay.cpp">
      <Filter>Source Files\Example Day</Filter>
    </ClCompile>
    <ClCompile Include="Day3.cpp">
      <Filter>Source Files\Days\Day 1-5</Filter>
    </ClCompile>
    <ClCompile Include="Day4.cpp">
      <Filter>Source Files\Days\Day 1-5</Filter>
    </ClCompile>
    <ClCompile Include="Day5.cpp">
      <Filter>Source Files\Days\Day 1-5</Filter>
    </ClCompile>
    <ClCompile Include="Day6.cpp">
      <Filter>Source Files\Days\Day 6- 10</Filter>
    </ClCompile>
  </ItemGroup>
  <ItemGroup>
    <ClInclude Include="Day1.h">
      <Filter>Source Files\Days\Day 1-5</Filter>
    </ClInclude>
    <ClInclude Include="Util.h">
      <Filter>Source Files\Additional</Filter>
    </ClInclude>
    <ClInclude Include="BaseDay.h">
      <Filter>Source Files\Additional</Filter>
    </ClInclude>
    <ClInclude Include="Day2.h">
      <Filter>Source Files\Days\Day 1-5</Filter>
    </ClInclude>
    <ClInclude Include="resource.h">
      <Filter>Header Files</Filter>
    </ClInclude>
    <ClInclude Include="ExampleDay.h">
      <Filter>Source Files\Example Day</Filter>
    </ClInclude>
    <ClInclude Include="Day3.h">
      <Filter>Source Files\Days\Day 1-5</Filter>
    </ClInclude>
    <ClInclude Include="Day4.h">
      <Filter>Source Files\Days\Day 1-5</Filter>
    </ClInclude>
    <ClInclude Include="Day5.h">
      <Filter>Source Files\Days\Day 1-5</Filter>
    </ClInclude>
    <ClInclude Include="Day6.h">
      <Filter>Source Files\Days\Day 6- 10</Filter>
    </ClInclude>
  </ItemGroup>
  <ItemGroup>
    <ResourceCompile Include="AdventOfCode2024.rc">
      <Filter>Resource Files</Filter>
    </ResourceCompile>
  </ItemGroup>
</Project>